
Microsoft Visual Studio Solution File, Format Version 12.00
Project("{FAE04EC0-301F-11D3-BF4B-00C04F79EFBC}") = "Cache", "Cache\Cache.csproj", "{0E81DEDB-21CB-4BE0-83E5-F0CB3761CB58}"
EndProject
Global
	GlobalSection(SolutionConfigurationPlatforms) = preSolution
		Debug|Any CPU = Debug|Any CPU
		Release|Any CPU = Release|Any CPU
	EndGlobalSection
	GlobalSection(ProjectConfigurationPlatforms) = postSolution
		{0E81DEDB-21CB-4BE0-83E5-F0CB3761CB58}.Debug|Any CPU.ActiveCfg = Debug|Any CPU
		{0E81DEDB-21CB-4BE0-83E5-F0CB3761CB58}.Debug|Any CPU.Build.0 = Debug|Any CPU
		{0E81DEDB-21CB-4BE0-83E5-F0CB3761CB58}.Release|Any CPU.ActiveCfg = Release|Any CPU
		{0E81DEDB-21CB-4BE0-83E5-F0CB3761CB58}.Release|Any CPU.Build.0 = Release|Any CPU
	EndGlobalSection
EndGlobal
